PODS:
  - JSQMessagesViewController (7.3.4)
  - LambdaKit (0.0.3)
  - PureLayout (3.0.2)
  - Sensitive (3.0)
  - SuperDelegate (0.9.0)

DEPENDENCIES:
  - JSQMessagesViewController (from `https://github.com/jessesquires/JSQMessagesViewController.git`, branch `develop`)
  - LambdaKit (~> 0.0.3)
  - PureLayout (~> 3.0.2)
  - Sensitive (~> 3.0)
  - SuperDelegate (~> 0.9.0)

EXTERNAL SOURCES:
  JSQMessagesViewController:
    :branch: develop
    :git: https://github.com/jessesquires/JSQMessagesViewController.git

CHECKOUT OPTIONS:
  JSQMessagesViewController:
    :commit: 45fdac769d7354ad19e5990dadbfee285a2e45ee
    :git: https://github.com/jessesquires/JSQMessagesViewController.git

SPEC CHECKSUMS:
  JSQMessagesViewController: c11b9e77372ab72c45c67311f6da7342e32df1e8
  LambdaKit: 87d603283c5915077fc09a8cbba03b4c2a48d2bf
  PureLayout: 4d550abe49a94f24c2808b9b95db9131685fe4cd
  Sensitive: dee25cff31a5420e9fa4d4e2f0e1cef8a46f701f
  SuperDelegate: b70c7afddf8525217d0e074b850b8ea3cc6f8abd

PODFILE CHECKSUM: feaef47745e6df85072aee06b7875154afef9ac3

COCOAPODS: 1.2.0
